github.com/isangeles/flame v0.0.0-20250408075526-80c2fe8576c6 h1:lFT6+geeRDXhkqBUOiRRHmYNgAXnIepQQFvt3Mg1HWA=
github.com/isangeles/flame v0.0.0-20250408075526-80c2fe8576c6/go.mod h1:LvI0xJLcFHGZkUeqKIqn1mpFxF28CZ4Vfn+UFjsAa2M=
github.com/isangeles/tmx v0.0.0-20230925150339-5410bc1b891b h1:TfKHKtfJnlSIe2OZ8QaPLBskYJ5LE7Sf/dVDhDEFZxs=
github.com/isangeles/tmx v0.0.0-20230925150339-5410bc1b891b/go.mod h1:HQTF1Ct50epzMRfRAG8Pg6Fzy84J/w8ZFvR4id62X2g=
