github.com/isangeles/flame v0.0.0-20250423195223-b8a3dd14ae54 h1:4xtvVXDKAPzJ02i6CcTC83WLzLP6sTcBksF6J1O559M=
github.com/isangeles/flame v0.0.0-20250423195223-b8a3dd14ae54/go.mod h1:LvI0xJLcFHGZkUeqKIqn1mpFxF28CZ4Vfn+UFjsAa2M=
github.com/isangeles/tmx v0.0.0-20230925150339-5410bc1b891b h1:TfKHKtfJnlSIe2OZ8QaPLBskYJ5LE7Sf/dVDhDEFZxs=
github.com/isangeles/tmx v0.0.0-20230925150339-5410bc1b891b/go.mod h1:HQTF1Ct50epzMRfRAG8Pg6Fzy84J/w8ZFvR4id62X2g=
